
Microsoft Visual Studio Solution File, Format Version 12.00
# Visual Studio 15
VisualStudioVersion = 15.0.27428.2015
MinimumVisualStudioVersion = 10.0.40219.1
Project("{FAE04EC0-301F-11D3-BF4B-00C04F79EFBC}") = "NombradaSCCNLP", "NombradaSCCNLP\NombradaSCCNLP.csproj", "{C4EA8854-217A-4B2A-960B-3F8C00E40ED2}"
EndProject
Project("{FAE04EC0-301F-11D3-BF4B-00C04F79EFBC}") = "BOL", "BOL\BOL.csproj", "{D93A17C0-BBE0-4503-AE97-D57D829A437B}"
EndProject
Project("{FAE04EC0-301F-11D3-BF4B-00C04F79EFBC}") = "DAL", "DAL\DAL.csproj", "{64DD5EE4-86C0-44C3-B1E6-4E937A85EF36}"
EndProject
Global
	GlobalSection(SolutionConfigurationPlatforms) = preSolution
		Debug|Any CPU = Debug|Any CPU
		Release|Any CPU = Release|Any CPU
	EndGlobalSection
	GlobalSection(ProjectConfigurationPlatforms) = postSolution
		{C4EA8854-217A-4B2A-960B-3F8C00E40ED2}.Debug|Any CPU.ActiveCfg = Debug|Any CPU
		{C4EA8854-217A-4B2A-960B-3F8C00E40ED2}.Debug|Any CPU.Build.0 = Debug|Any CPU
		{C4EA8854-217A-4B2A-960B-3F8C00E40ED2}.Release|Any CPU.ActiveCfg = Release|Any CPU
		{C4EA8854-217A-4B2A-960B-3F8C00E40ED2}.Release|Any CPU.Build.0 = Release|Any CPU
		{D93A17C0-BBE0-4503-AE97-D57D829A437B}.Debug|Any CPU.ActiveCfg = Debug|Any CPU
		{D93A17C0-BBE0-4503-AE97-D57D829A437B}.Debug|Any CPU.Build.0 = Debug|Any CPU
		{D93A17C0-BBE0-4503-AE97-D57D829A437B}.Release|Any CPU.ActiveCfg = Release|Any CPU
		{D93A17C0-BBE0-4503-AE97-D57D829A437B}.Release|Any CPU.Build.0 = Release|Any CPU
		{64DD5EE4-86C0-44C3-B1E6-4E937A85EF36}.Debug|Any CPU.ActiveCfg = Debug|Any CPU
		{64DD5EE4-86C0-44C3-B1E6-4E937A85EF36}.Debug|Any CPU.Build.0 = Debug|Any CPU
		{64DD5EE4-86C0-44C3-B1E6-4E937A85EF36}.Release|Any CPU.ActiveCfg = Release|Any CPU
		{64DD5EE4-86C0-44C3-B1E6-4E937A85EF36}.Release|Any CPU.Build.0 = Release|Any CPU
	EndGlobalSection
	GlobalSection(SolutionProperties) = preSolution
		HideSolutionNode = FALSE
	EndGlobalSection
	GlobalSection(ExtensibilityGlobals) = postSolution
		SolutionGuid = {05C24807-9C5A-42C2-B425-6F8F508911DC}
	EndGlobalSection
EndGlobal
